
Microsoft Visual Studio Solution File, Format Version 12.00
# Visual Studio Version 16
VisualStudioVersion = 16.0.30114.105
MinimumVisualStudioVersion = 10.0.40219.1
Project("{FAE04EC0-301F-11D3-BF4B-00C04F79EFBC}") = "CharacterSheet5e", "CharacterSheet5e\CharacterSheet5e.csproj", "{9E92548D-9319-4ED6-9859-198096696631}"
EndProject
Global
	GlobalSection(SolutionConfigurationPlatforms) = preSolution
		Debug|Any CPU = Debug|Any CPU
		Release|Any CPU = Release|Any CPU
	EndGlobalSection
	GlobalSection(ProjectConfigurationPlatforms) = postSolution
		{9E92548D-9319-4ED6-9859-198096696631}.Debug|Any CPU.ActiveCfg = Debug|Any CPU
		{9E92548D-9319-4ED6-9859-198096696631}.Debug|Any CPU.Build.0 = Debug|Any CPU
		{9E92548D-9319-4ED6-9859-198096696631}.Release|Any CPU.ActiveCfg = Release|Any CPU
		{9E92548D-9319-4ED6-9859-198096696631}.Release|Any CPU.Build.0 = Release|Any CPU
	EndGlobalSection
	GlobalSection(SolutionProperties) = preSolution
		HideSolutionNode = FALSE
	EndGlobalSection
	GlobalSection(ExtensibilityGlobals) = postSolution
		SolutionGuid = {44D6566D-7B1F-4FEE-9062-E5F584A69E40}
	EndGlobalSection
EndGlobal
